// !$*UTF8*$!
{
	archiveVersion = 1;
	classes = {
	};
	objectVersion = 55;
	objects = {

/* Begin PBXBuildFile section */
		C68A31CE287C5B86001B4598 /* AppDelegate.swift in Sources */ = {isa = PBXBuildFile; fileRef = C68A31CD287C5B86001B4598 /* AppDelegate.swift */; };
		C68A31D0287C5B86001B4598 /* SceneDelegate.swift in Sources */ = {isa = PBXBuildFile; fileRef = C68A31CF287C5B86001B4598 /* SceneDelegate.swift */; };
		C68A31D2287C5B86001B4598 /* SaveViewController.swift in Sources */ = {isa = PBXBuildFile; fileRef = C68A31D1287C5B86001B4598 /* SaveViewController.swift */; };
		C68A31D5287C5B86001B4598 /* Main.storyboard in Resources */ = {isa = PBXBuildFile; fileRef = C68A31D3287C5B86001B4598 /* Main.storyboard */; };
		C68A31D7287C5B87001B4598 /* Assets.xcassets in Resources */ = {isa = PBXBuildFile; fileRef = C68A31D6287C5B87001B4598 /* Assets.xcassets */; };
		C68A31DA287C5B87001B4598 /* LaunchScreen.storyboard in Resources */ = {isa = PBXBuildFile; fileRef = C68A31D8287C5B87001B4598 /* LaunchScreen.storyboard */; };
		C68A31E2287C5DEA001B4598 /* DBHelper.swift in Sources */ = {isa = PBXBuildFile; fileRef = C68A31E1287C5DEA001B4598 /* DBHelper.swift */; };
		C68A31E4287C79B8001B4598 /* ListViewController.swift in Sources */ = {isa = PBXBuildFile; fileRef = C68A31E3287C79B8001B4598 /* ListViewController.swift */; };
/* End PBXBuildFile section */

/* Begin PBXFileReference section */
		C68A31CA287C5B86001B4598 /* DemoSqlite.app */ = {isa = PBXFileReference; explicitFileType = wrapper.application; includeInIndex = 0; path = DemoSqlite.app; sourceTree = BUILT_PRODUCTS_DIR; };
		C68A31CD287C5B86001B4598 /* AppDelegate.swift */ = {isa = PBXFileReference; lastKnownFileType = sourcecode.swift; path = AppDelegate.swift; sourceTree = "<group>"; };
		C68A31CF287C5B86001B4598 /* SceneDelegate.swift */ = {isa = PBXFileReference; lastKnownFileType = sourcecode.swift; path = SceneDelegate.swift; sourceTree = "<group>"; };
		C68A31D1287C5B86001B4598 /* SaveViewController.swift */ = {isa = PBXFileReference; lastKnownFileType = sourcecode.swift; path = SaveViewController.swift; sourceTree = "<group>"; };
		C68A31D4287C5B86001B4598 /* Base */ = {isa = PBXFileReference; lastKnownFileType = file.storyboard; name = Base; path = Base.lproj/Main.storyboard; sourceTree = "<group>"; };
		C68A31D6287C5B87001B4598 /* Assets.xcassets */ = {isa = PBXFileReference; lastKnownFileType = folder.assetcatalog; path = Assets.xcassets; sourceTree = "<group>"; };
		C68A31D9287C5B87001B4598 /* Base */ = {isa = PBXFileReference; lastKnownFileType = file.storyboard; name = Base; path = Base.lproj/LaunchScreen.storyboard; sourceTree = "<group>"; };
		C68A31DB287C5B87001B4598 /* Info.plist */ = {isa = PBXFileReference; lastKnownFileType = text.plist.xml; path = Info.plist; sourceTree = "<group>"; };
		C68A31E1287C5DEA001B4598 /* DBHelper.swift */ = {isa = PBXFileReference; lastKnownFileType = sourcecode.swift; path = DBHelper.swift; sourceTree = "<group>"; };
		C68A31E3287C79B8001B4598 /* ListViewController.swift */ = {isa = PBXFileReference; lastKnownFileType = sourcecode.swift; path = ListViewController.swift; sourceTree = "<group>"; };
/* End PBXFileReference section */

/* Begin PBXFrameworksBuildPhase section */
		C68A31C7287C5B86001B4598 /* Frameworks */ = {
			isa = PBXFrameworksBuildPhase;
			buildActionMask = 2147483647;
			files = (
			);
			runOnlyForDeploymentPostprocessing = 0;
		};
/* End PBXFrameworksBuildPhase section */

/* Begin PBXGroup section */
		C68A31C1287C5B86001B4598 = {
			isa = PBXGroup;
			children = (
				C68A31CC287C5B86001B4598 /* DemoSqlite */,
				C68A31CB287C5B86001B4598 /* Products */,
			);
			sourceTree = "<group>";
		};
		C68A31CB287C5B86001B4598 /* Products */ = {
			isa = PBXGroup;
			children = (
				C68A31CA287C5B86001B4598 /* DemoSqlite.app */,
			);
			name = Products;
			sourceTree = "<group>";
		};
		C68A31CC287C5B86001B4598 /* DemoSqlite */ = {
			isa = PBXGroup;
			children = (
				C68A31CD287C5B86001B4598 /* AppDelegate.swift */,
				C68A31CF287C5B86001B4598 /* SceneDelegate.swift */,
				C68A31E1287C5DEA001B4598 /* DBHelper.swift */,
				C68A31E3287C79B8001B4598 /* ListViewController.swift */,
				C68A31D1287C5B86001B4598 /* SaveViewController.swift */,
				C68A31D3287C5B86001B4598 /* Main.storyboard */,
				C68A31D6287C5B87001B4598 /* Assets.xcassets */,
				C68A31D8287C5B87001B4598 /* LaunchScreen.storyboard */,
				C68A31DB287C5B87001B4598 /* Info.plist */,
			);
			path = DemoSqlite;
			sourceTree = "<group>";
		};
/* End PBXGroup section */

/* Begin PBXNativeTarget section */
		C68A31C9287C5B86001B4598 /* DemoSqlite */ = {
			isa = PBXNativeTarget;
			buildConfigurationList = C68A31DE287C5B87001B4598 /* Build configuration list for PBXNativeTarget "DemoSqlite" */;
			buildPhases = (
				C68A31C6287C5B86001B4598 /* Sources */,
				C68A31C7287C5B86001B4598 /* Frameworks */,
				C68A31C8287C5B86001B4598 /* Resources */,
			);
			buildRules = (
			);
			dependencies = (
			);
			name = DemoSqlite;
			productName = DemoSqlite;
			productReference = C68A31CA287C5B86001B4598 /* DemoSqlite.app */;
			productType = "com.apple.product-type.application";
		};
/* End PBXNativeTarget section */

/* Begin PBXProject section */
		C68A31C2287C5B86001B4598 /* Project object */ = {
			isa = PBXProject;
			attributes = {
				BuildIndependentTargetsInParallel = 1;
				LastSwiftUpdateCheck = 1340;
				LastUpgradeCheck = 1340;
				TargetAttributes = {
					C68A31C9287C5B86001B4598 = {
						CreatedOnToolsVersion = 13.4;
					};
				};
			};
			buildConfigurationList = C68A31C5287C5B86001B4598 /* Build configuration list for PBXProject "DemoSqlite" */;
			compatibilityVersion = "Xcode 13.0";
			developmentRegion = en;
			hasScannedForEncodings = 0;
			knownRegions = (
				en,
				Base,
			);
			mainGroup = C68A31C1287C5B86001B4598;
			productRefGroup = C68A31CB287C5B86001B4598 /* Products */;
			projectDirPath = "";
			projectRoot = "";
			targets = (
				C68A31C9287C5B86001B4598 /* DemoSqlite */,
			);
		};
/* End PBXProject section */

/* Begin PBXResourcesBuildPhase section */
		C68A31C8287C5B86001B4598 /* Resources */ = {
			isa = PBXResourcesBuildPhase;
			buildActionMask = 2147483647;
			files = (
				C68A31DA287C5B87001B4598 /* LaunchScreen.storyboard in Resources */,
				C68A31D7287C5B87001B4598 /* Assets.xcassets in Resources */,
				C68A31D5287C5B86001B4598 /* Main.storyboard in Resources */,
			);
			runOnlyForDeploymentPostprocessing = 0;
		};
/* End PBXResourcesBuildPhase section */

/* Begin PBXSourcesBuildPhase section */
		C68A31C6287C5B86001B4598 /* Sources */ = {
			isa = PBXSourcesBuildPhase;
			buildActionMask = 2147483647;
			files = (
				C68A31D2287C5B86001B4598 /* SaveViewController.swift in Sources */,
				C68A31E2287C5DEA001B4598 /* DBHelper.swift in Sources */,
				C68A31CE287C5B86001B4598 /* AppDelegate.swift in Sources */,
				C68A31E4287C79B8001B4598 /* ListViewController.swift in Sources */,
				C68A31D0287C5B86001B4598 /* SceneDelegate.swift in Sources */,
			);
			runOnlyForDeploymentPostprocessing = 0;
		};
/* End PBXSourcesBuildPhase section */

/* Begin PBXVariantGroup section */
		C68A31D3287C5B86001B4598 /* Main.storyboard */ = {
			isa = PBXVariantGroup;
			children = (
				C68A31D4287C5B86001B4598 /* Base */,
			);
			name = Main.storyboard;
			sourceTree = "<group>";
		};
		C68A31D8287C5B87001B4598 /* LaunchScreen.storyboard */ = {
			isa = PBXVariantGroup;
			children = (
				C68A31D9287C5B87001B4598 /* Base */,
			);
			name = LaunchScreen.storyboard;
			sourceTree = "<group>";
		};
/* End PBXVariantGroup section */

/* Begin XCBuildConfiguration section */
		C68A31DC287C5B87001B4598 /* Debug */ = {
			isa = XCBuildConfiguration;
			buildSettings = {
				ALWAYS_SEARCH_USER_PATHS = NO;
				CLANG_ANALYZER_NONNULL = YES;
				CLANG_ANALYZER_NUMBER_OBJECT_CONVERSION = YES_AGGRESSIVE;
				CLANG_CXX_LANGUAGE_STANDARD = "gnu++17";
				CLANG_ENABLE_MODULES = YES;
				CLANG_ENABLE_OBJC_ARC = YES;
				CLANG_ENABLE_OBJC_WEAK = YES;
				CLANG_WARN_BLOCK_CAPTURE_AUTORELEASING = YES;
				CLANG_WARN_BOOL_CONVERSION = YES;
				CLANG_WARN_COMMA = YES;
				CLANG_WARN_CONSTANT_CONVERSION = YES;
				CLANG_WARN_DEPRECATED_OBJC_IMPLEMENTATIONS = YES;
				CLANG_WARN_DIRECT_OBJC_ISA_USAGE = YES_ERROR;
				CLANG_WARN_DOCUMENTATION_COMMENTS = YES;
				CLANG_WARN_EMPTY_BODY = YES;
				CLANG_WARN_ENUM_CONVERSION = YES;
				CLANG_WARN_INFINITE_RECURSION = YES;
				CLANG_WARN_INT_CONVERSION = YES;
				CLANG_WARN_NON_LITERAL_NULL_CONVERSION = YES;
				CLANG_WARN_OBJC_IMPLICIT_RETAIN_SELF = YES;
				CLANG_WARN_OBJC_LITERAL_CONVERSION = YES;
				CLANG_WARN_OBJC_ROOT_CLASS = YES_ERROR;
				CLANG_WARN_QUOTED_INCLUDE_IN_FRAMEWORK_HEADER = YES;
				CLANG_WARN_RANGE_LOOP_ANALYSIS = YES;
				CLANG_WARN_STRICT_PROTOTYPES = YES;
				CLANG_WARN_SUSPICIOUS_MOVE = YES;
				CLANG_WARN_UNGUARDED_AVAILABILITY = YES_AGGRESSIVE;
				CLANG_WARN_UNREACHABLE_CODE = YES;
				CLANG_WARN__DUPLICATE_METHOD_MATCH = YES;
				COPY_PHASE_STRIP = NO;
				DEBUG_INFORMATION_FORMAT = dwarf;
				ENABLE_STRICT_OBJC_MSGSEND = YES;
				ENABLE_TESTABILITY = YES;
				GCC_C_LANGUAGE_STANDARD = gnu11;
				GCC_DYNAMIC_NO_PIC = NO;
				GCC_NO_COMMON_BLOCKS = YES;
				GCC_OPTIMIZATION_LEVEL = 0;
				GCC_PREPROCESSOR_DEFINITIONS = (
					"DEBUG=1",
					"$(inherited)",
				);
				GCC_WARN_64_TO_32_BIT_CONVERSION = YES;
				GCC_WARN_ABOUT_RETURN_TYPE = YES_ERROR;
				GCC_WARN_UNDECLARED_SELECTOR = YES;
				GCC_WARN_UNINITIALIZED_AUTOS = YES_AGGRESSIVE;
				GCC_WARN_UNUSED_FUNCTION = YES;
				GCC_WARN_UNUSED_VARIABLE = YES;
				IPHONEOS_DEPLOYMENT_TARGET = 15.5;
				MTL_ENABLE_DEBUG_INFO = INCLUDE_SOURCE;
				MTL_FAST_MATH = YES;
				ONLY_ACTIVE_ARCH = YES;
				SDKROOT = iphoneos;
				SWIFT_ACTIVE_COMPILATION_CONDITIONS = DEBUG;
				SWIFT_OPTIMIZATION_LEVEL = "-Onone";
			};
			name = Debug;
		};
		C68A31DD287C5B87001B4598 /* Release */ = {
			isa = XCBuildConfiguration;
			buildSettings = {
				ALWAYS_SEARCH_USER_PATHS = NO;
				CLANG_ANALYZER_NONNULL = YES;
				CLANG_ANALYZER_NUMBER_OBJECT_CONVERSION = YES_AGGRESSIVE;
				CLANG_CXX_LANGUAGE_STANDARD = "gnu++17";
				CLANG_ENABLE_MODULES = YES;
				CLANG_ENABLE_OBJC_ARC = YES;
				CLANG_ENABLE_OBJC_WEAK = YES;
				CLANG_WARN_BLOCK_CAPTURE_AUTORELEASING = YES;
				CLANG_WARN_BOOL_CONVERSION = YES;
				CLANG_WARN_COMMA = YES;
				CLANG_WARN_CONSTANT_CONVERSION = YES;
				CLANG_WARN_DEPRECATED_OBJC_IMPLEMENTATIONS = YES;
				CLANG_WARN_DIRECT_OBJC_ISA_USAGE = YES_ERROR;
				CLANG_WARN_DOCUMENTATION_COMMENTS = YES;
				CLANG_WARN_EMPTY_BODY = YES;
				CLANG_WARN_ENUM_CONVERSION = YES;
				CLANG_WARN_INFINITE_RECURSION = YES;
				CLANG_WARN_INT_CONVERSION = YES;
				CLANG_WARN_NON_LITERAL_NULL_CONVERSION = YES;
				CLANG_WARN_OBJC_IMPLICIT_RETAIN_SELF = YES;
				CLANG_WARN_OBJC_LITERAL_CONVERSION = YES;
				CLANG_WARN_OBJC_ROOT_CLASS = YES_ERROR;
				CLANG_WARN_QUOTED_INCLUDE_IN_FRAMEWORK_HEADER = YES;
				CLANG_WARN_RANGE_LOOP_ANALYSIS = YES;
				CLANG_WARN_STRICT_PROTOTYPES = YES;
				CLANG_WARN_SUSPICIOUS_MOVE = YES;
				CLANG_WARN_UNGUARDED_AVAILABILITY = YES_AGGRESSIVE;
				CLANG_WARN_UNREACHABLE_CODE = YES;
				CLANG_WARN__DUPLICATE_METHOD_MATCH = YES;
				COPY_PHASE_STRIP = NO;
				DEBUG_INFORMATION_FORMAT = "dwarf-with-dsym";
				ENABLE_NS_ASSERTIONS = NO;
				ENABLE_STRICT_OBJC_MSGSEND = YES;
				GCC_C_LANGUAGE_STANDARD = gnu11;
				GCC_NO_COMMON_BLOCKS = YES;
				GCC_WARN_64_TO_32_BIT_CONVERSION = YES;
				GCC_WARN_ABOUT_RETURN_TYPE = YES_ERROR;
				GCC_WARN_UNDECLARED_SELECTOR = YES;
				GCC_WARN_UNINITIALIZED_AUTOS = YES_AGGRESSIVE;
				GCC_WARN_UNUSED_FUNCTION = YES;
				GCC_WARN_UNUSED_VARIABLE = YES;
				IPHONEOS_DEPLOYMENT_TARGET = 15.5;
				MTL_ENABLE_DEBUG_INFO = NO;
				MTL_FAST_MATH = YES;
				SDKROOT = iphoneos;
				SWIFT_COMPILATION_MODE = wholemodule;
				SWIFT_OPTIMIZATION_LEVEL = "-O";
				VALIDATE_PRODUCT = YES;
			};
			name = Release;
		};
		C68A31DF287C5B87001B4598 /* Debug */ = {
			isa = XCBuildConfiguration;
			buildSettings = {
				ASSETCATALOG_COMPILER_APPICON_NAME = AppIcon;
				ASSETCATALOG_COMPILER_GLOBAL_ACCENT_COLOR_NAME = AccentColor;
				CODE_SIGN_STYLE = Automatic;
				CURRENT_PROJECT_VERSION = 1;
				DEVELOPMENT_TEAM = A8GJ8BBR2P;
				GENERATE_INFOPLIST_FILE = YES;
				INFOPLIST_FILE = DemoSqlite/Info.plist;
				INFOPLIST_KEY_UIApplicationSupportsIndirectInputEvents = YES;
				INFOPLIST_KEY_UILaunchStoryboardName = LaunchScreen;
				INFOPLIST_KEY_UIMainStoryboardFile = Main;
				INFOPLIST_KEY_UISupportedInterfaceOrientations_iPad = "UIInterfaceOrientationPortrait UIInterfaceOrientationPortraitUpsideDown UIInterfaceOrientationLandscapeLeft UIInterfaceOrientationLandscapeRight";
				INFOPLIST_KEY_UISupportedInterfaceOrientations_iPhone = "UIInterfaceOrientationPortrait UIInterfaceOrientationLandscapeLeft UIInterfaceOrientationLandscapeRight";
				LD_RUNPATH_SEARCH_PATHS = (
					"$(inherited)",
					"@executable_path/Frameworks",
				);
				MARKETING_VERSION = 1.0;
				PRODUCT_BUNDLE_IDENTIFIER = Durga.DemoSqlite;
				PRODUCT_NAME = "$(TARGET_NAME)";
				SWIFT_EMIT_LOC_STRINGS = YES;
				SWIFT_VERSION = 5.0;
				TARGETED_DEVICE_FAMILY = "1,2";
			};
			name = Debug;
		};
		C68A31E0287C5B87001B4598 /* Release */ = {
			isa = XCBuildConfiguration;
			buildSettings = {
				ASSETCATALOG_COMPILER_APPICON_NAME = AppIcon;
				ASSETCATALOG_COMPILER_GLOBAL_ACCENT_COLOR_NAME = AccentColor;
				CODE_SIGN_STYLE = Automatic;
				CURRENT_PROJECT_VERSION = 1;
				DEVELOPMENT_TEAM = A8GJ8BBR2P;
				GENERATE_INFOPLIST_FILE = YES;
				INFOPLIST_FILE = DemoSqlite/Info.plist;
				INFOPLIST_KEY_UIApplicationSupportsIndirectInputEvents = YES;
				INFOPLIST_KEY_UILaunchStoryboardName = LaunchScreen;
				INFOPLIST_KEY_UIMainStoryboardFile = Main;
				INFOPLIST_KEY_UISupportedInterfaceOrientations_iPad = "UIInterfaceOrientationPortrait UIInterfaceOrientationPortraitUpsideDown UIInterfaceOrientationLandscapeLeft UIInterfaceOrientationLandscapeRight";
				INFOPLIST_KEY_UISupportedInterfaceOrientations_iPhone = "UIInterfaceOrientationPortrait UIInterfaceOrientationLandscapeLeft UIInterfaceOrientationLandscapeRight";
				LD_RUNPATH_SEARCH_PATHS = (
					"$(inherited)",
					"@executable_path/Frameworks",
				);
				MARKETING_VERSION = 1.0;
				PRODUCT_BUNDLE_IDENTIFIER = Durga.DemoSqlite;
				PRODUCT_NAME = "$(TARGET_NAME)";
				SWIFT_EMIT_LOC_STRINGS = YES;
				SWIFT_VERSION = 5.0;
				TARGETED_DEVICE_FAMILY = "1,2";
			};
			name = Release;
		};
/* End XCBuildConfiguration section */

/* Begin XCConfigurationList section */
		C68A31C5287C5B86001B4598 /* Build configuration list for PBXProject "DemoSqlite" */ = {
			isa = XCConfigurationList;
			buildConfigurations = (
				C68A31DC287C5B87001B4598 /* Debug */,
				C68A31DD287C5B87001B4598 /* Release */,
			);
			defaultConfigurationIsVisible = 0;
			defaultConfigurationName = Release;
		};
		C68A31DE287C5B87001B4598 /* Build configuration list for PBXNativeTarget "DemoSqlite" */ = {
			isa = XCConfigurationList;
			buildConfigurations = (
				C68A31DF287C5B87001B4598 /* Debug */,
				C68A31E0287C5B87001B4598 /* Release */,
			);
			defaultConfigurationIsVisible = 0;
			defaultConfigurationName = Release;
		};
/* End XCConfigurationList section */
	};
	rootObject = C68A31C2287C5B86001B4598 /* Project object */;
}
